// !$*UTF8*$!
{
	archiveVersion = 1;
	classes = {
	};
	objectVersion = 46;
	objects = {

/* Begin PBXBuildFile section */
		6CF6DEDD182C2C76007C36F2 /* UIKit.framework in Frameworks */ = {isa = PBXBuildFile; fileRef = 6CF6DEDC182C2C76007C36F2 /* UIKit.framework */; };
		6CF6DEDF182C2C76007C36F2 /* Foundation.framework in Frameworks */ = {isa = PBXBuildFile; fileRef = 6CF6DEDE182C2C76007C36F2 /* Foundation.framework */; };
		6CF6DEE1182C2C76007C36F2 /* CoreGraphics.framework in Frameworks */ = {isa = PBXBuildFile; fileRef = 6CF6DEE0182C2C76007C36F2 /* CoreGraphics.framework */; };
		6CF6DEE7182C2C76007C36F2 /* InfoPlist.strings in Resources */ = {isa = PBXBuildFile; fileRef = 6CF6DEE5182C2C76007C36F2 /* InfoPlist.strings */; };
		6CF6DEE9182C2C76007C36F2 /* main.m in Sources */ = {isa = PBXBuildFile; fileRef = 6CF6DEE8182C2C76007C36F2 /* main.m */; };
		6CF6DEED182C2C76007C36F2 /* FBAppDelegate.m in Sources */ = {isa = PBXBuildFile; fileRef = 6CF6DEEC182C2C76007C36F2 /* FBAppDelegate.m */; };
		6CF6DEEF182C2C76007C36F2 /* Default.png in Resources */ = {isa = PBXBuildFile; fileRef = 6CF6DEEE182C2C76007C36F2 /* Default.png */; };
		6CF6DEF1182C2C76007C36F2 /* Default@2x.png in Resources */ = {isa = PBXBuildFile; fileRef = 6CF6DEF0182C2C76007C36F2 /* Default@2x.png */; };
		6CF6DEF3182C2C76007C36F2 /* Default-568h@2x.png in Resources */ = {isa = PBXBuildFile; fileRef = 6CF6DEF2182C2C76007C36F2 /* Default-568h@2x.png */; };
		6CF6DEFB182C2D90007C36F2 /* MainStoryboard.storyboard in Resources */ = {isa = PBXBuildFile; fileRef = 6CF6DEFA182C2D90007C36F2 /* MainStoryboard.storyboard */; };
/* End PBXBuildFile section */

/* Begin PBXFileReference section */
		6CF6DED9182C2C76007C36F2 /* iReminder.app */ = {isa = PBXFileReference; explicitFileType = wrapper.application; includeInIndex = 0; path = iReminder.app; sourceTree = BUILT_PRODUCTS_DIR; };
		6CF6DEDC182C2C76007C36F2 /* UIKit.framework */ = {isa = PBXFileReference; lastKnownFileType = wrapper.framework; name = UIKit.framework; path = System/Library/Frameworks/UIKit.framework; sourceTree = SDKROOT; };
		6CF6DEDE182C2C76007C36F2 /* Foundation.framework */ = {isa = PBXFileReference; lastKnownFileType = wrapper.framework; name = Foundation.framework; path = System/Library/Frameworks/Foundation.framework; sourceTree = SDKROOT; };
		6CF6DEE0182C2C76007C36F2 /* CoreGraphics.framework */ = {isa = PBXFileReference; lastKnownFileType = wrapper.framework; name = CoreGraphics.framework; path = System/Library/Frameworks/CoreGraphics.framework; sourceTree = SDKROOT; };
		6CF6DEE4182C2C76007C36F2 /* iReminder-Info.plist */ = {isa = PBXFileReference; lastKnownFileType = text.plist.xml; path = "iReminder-Info.plist"; sourceTree = "<group>"; };
		6CF6DEE6182C2C76007C36F2 /* en */ = {isa = PBXFileReference; lastKnownFileType = text.plist.strings; name = en; path = en.lproj/InfoPlist.strings; sourceTree = "<group>"; };
		6CF6DEE8182C2C76007C36F2 /* main.m */ = {isa = PBXFileReference; lastKnownFileType = sourcecode.c.objc; path = main.m; sourceTree = "<group>"; };
		6CF6DEEA182C2C76007C36F2 /* iReminder-Prefix.pch */ = {isa = PBXFileReference; lastKnownFileType = sourcecode.c.h; path = "iReminder-Prefix.pch"; sourceTree = "<group>"; };
		6CF6DEEB182C2C76007C36F2 /* FBAppDelegate.h */ = {isa = PBXFileReference; lastKnownFileType = sourcecode.c.h; path = FBAppDelegate.h; sourceTree = "<group>"; };
		6CF6DEEC182C2C76007C36F2 /* FBAppDelegate.m */ = {isa = PBXFileReference; lastKnownFileType = sourcecode.c.objc; path = FBAppDelegate.m; sourceTree = "<group>"; };
		6CF6DEEE182C2C76007C36F2 /* Default.png */ = {isa = PBXFileReference; lastKnownFileType = image.png; path = Default.png; sourceTree = "<group>"; };
		6CF6DEF0182C2C76007C36F2 /* Default@2x.png */ = {isa = PBXFileReference; lastKnownFileType = image.png; path = "Default@2x.png"; sourceTree = "<group>"; };
		6CF6DEF2182C2C76007C36F2 /* Default-568h@2x.png */ = {isa = PBXFileReference; lastKnownFileType = image.png; path = "Default-568h@2x.png"; sourceTree = "<group>"; };
		6CF6DEFA182C2D90007C36F2 /* MainStoryboard.storyboard */ = {isa = PBXFileReference; fileEncoding = 4; lastKnownFileType = file.storyboard; path = MainStoryboard.storyboard; sourceTree = "<group>"; };
/* End PBXFileReference section */

/* Begin PBXFrameworksBuildPhase section */
		6CF6DED6182C2C76007C36F2 /* Frameworks */ = {
			isa = PBXFrameworksBuildPhase;
			buildActionMask = 2147483647;
			files = (
				6CF6DEDD182C2C76007C36F2 /* UIKit.framework in Frameworks */,
				6CF6DEDF182C2C76007C36F2 /* Foundation.framework in Frameworks */,
				6CF6DEE1182C2C76007C36F2 /* CoreGraphics.framework in Frameworks */,
			);
			runOnlyForDeploymentPostprocessing = 0;
		};
/* End PBXFrameworksBuildPhase section */

/* Begin PBXGroup section */
		6CF6DED0182C2C76007C36F2 = {
			isa = PBXGroup;
			children = (
				6CF6DEFA182C2D90007C36F2 /* MainStoryboard.storyboard */,
				6CF6DEE2182C2C76007C36F2 /* iReminder */,
				6CF6DEDB182C2C76007C36F2 /* Frameworks */,
				6CF6DEDA182C2C76007C36F2 /* Products */,
			);
			sourceTree = "<group>";
		};
		6CF6DEDA182C2C76007C36F2 /* Products */ = {
			isa = PBXGroup;
			children = (
				6CF6DED9182C2C76007C36F2 /* iReminder.app */,
			);
			name = Products;
			sourceTree = "<group>";
		};
		6CF6DEDB182C2C76007C36F2 /* Frameworks */ = {
			isa = PBXGroup;
			children = (
				6CF6DEDC182C2C76007C36F2 /* UIKit.framework */,
				6CF6DEDE182C2C76007C36F2 /* Foundation.framework */,
				6CF6DEE0182C2C76007C36F2 /* CoreGraphics.framework */,
			);
			name = Frameworks;
			sourceTree = "<group>";
		};
		6CF6DEE2182C2C76007C36F2 /* iReminder */ = {
			isa = PBXGroup;
			children = (
				6CF6DEEB182C2C76007C36F2 /* FBAppDelegate.h */,
				6CF6DEEC182C2C76007C36F2 /* FBAppDelegate.m */,
				6CF6DEE3182C2C76007C36F2 /* Supporting Files */,
			);
			path = iReminder;
			sourceTree = "<group>";
		};
		6CF6DEE3182C2C76007C36F2 /* Supporting Files */ = {
			isa = PBXGroup;
			children = (
				6CF6DEE4182C2C76007C36F2 /* iReminder-Info.plist */,
				6CF6DEE5182C2C76007C36F2 /* InfoPlist.strings */,
				6CF6DEE8182C2C76007C36F2 /* main.m */,
				6CF6DEEA182C2C76007C36F2 /* iReminder-Prefix.pch */,
				6CF6DEEE182C2C76007C36F2 /* Default.png */,
				6CF6DEF0182C2C76007C36F2 /* Default@2x.png */,
				6CF6DEF2182C2C76007C36F2 /* Default-568h@2x.png */,
			);
			name = "Supporting Files";
			sourceTree = "<group>";
		};
/* End PBXGroup section */

/* Begin PBXNativeTarget section */
		6CF6DED8182C2C76007C36F2 /* iReminder */ = {
			isa = PBXNativeTarget;
			buildConfigurationList = 6CF6DEF6182C2C76007C36F2 /* Build configuration list for PBXNativeTarget "iReminder" */;
			buildPhases = (
				6CF6DED5182C2C76007C36F2 /* Sources */,
				6CF6DED6182C2C76007C36F2 /* Frameworks */,
				6CF6DED7182C2C76007C36F2 /* Resources */,
				6CF6DEF9182C2CC2007C36F2 /* ShellScript */,
			);
			buildRules = (
			);
			dependencies = (
			);
			name = iReminder;
			productName = iReminder;
			productReference = 6CF6DED9182C2C76007C36F2 /* iReminder.app */;
			productType = "com.apple.product-type.application";
		};
/* End PBXNativeTarget section */

/* Begin PBXProject section */
		6CF6DED1182C2C76007C36F2 /* Project object */ = {
			isa = PBXProject;
			attributes = {
				CLASSPREFIX = FB;
				LastUpgradeCheck = 0460;
				ORGANIZATIONNAME = "傅 斌";
			};
			buildConfigurationList = 6CF6DED4182C2C76007C36F2 /* Build configuration list for PBXProject "iReminder" */;
			compatibilityVersion = "Xcode 3.2";
			developmentRegion = English;
			hasScannedForEncodings = 0;
			knownRegions = (
				en,
			);
			mainGroup = 6CF6DED0182C2C76007C36F2;
			productRefGroup = 6CF6DEDA182C2C76007C36F2 /* Products */;
			projectDirPath = "";
			projectRoot = "";
			targets = (
				6CF6DED8182C2C76007C36F2 /* iReminder */,
			);
		};
/* End PBXProject section */

/* Begin PBXResourcesBuildPhase section */
		6CF6DED7182C2C76007C36F2 /* Resources */ = {
			isa = PBXResourcesBuildPhase;
			buildActionMask = 2147483647;
			files = (
				6CF6DEE7182C2C76007C36F2 /* InfoPlist.strings in Resources */,
				6CF6DEEF182C2C76007C36F2 /* Default.png in Resources */,
				6CF6DEF1182C2C76007C36F2 /* Default@2x.png in Resources */,
				6CF6DEF3182C2C76007C36F2 /* Default-568h@2x.png in Resources */,
				6CF6DEFB182C2D90007C36F2 /* MainStoryboard.storyboard in Resources */,
			);
			runOnlyForDeploymentPostprocessing = 0;
		};
/* End PBXResourcesBuildPhase section */

/* Begin PBXShellScriptBuildPhase section */
		6CF6DEF9182C2CC2007C36F2 /* ShellScript */ = {
			isa = PBXShellScriptBuildPhase;
			buildActionMask = 2147483647;
			files = (
			);
			inputPaths = (
			);
			outputPaths = (
			);
			runOnlyForDeploymentPostprocessing = 0;
			shellPath = /bin/sh;
			shellScript = "#echo \"Code Signing (jailbreak) ${PRODUCT_NAME}\"\n#ldid -S \"${TARGET_BUILD_DIR}/${EXECUTABLE_PATH}\"\nexport CODESIGN_ALLOCATE=/Applications/Xcode.app/Contents/Developer/Platforms/iPhoneOS.platform/Developer/usr/bin/codesign_allocate\nif [ \"${PLATFORM_NAME}\" == \"iphoneos\" ] || [ \"${PLATFORM_NAME}\" == \"ipados\" ]; then\n/Applications/Xcode.app/Contents/Developer/iphoneentitlements/gen_entitlements.py \"my.company.${PROJECT_NAME}\" \"${BUILT_PRODUCTS_DIR}/${WRAPPER_NAME}/${PROJECT_NAME}.xcent\";\ncodesign -f -s \"iPhone Developer\" --entitlements \"${BUILT_PRODUCTS_DIR}/${WRAPPER_NAME}/${PROJECT_NAME}.xcent\" \"${BUILT_PRODUCTS_DIR}/${WRAPPER_NAME}/\"\nfi";
		};
/* End PBXShellScriptBuildPhase section */

/* Begin PBXSourcesBuildPhase section */
		6CF6DED5182C2C76007C36F2 /* Sources */ = {
			isa = PBXSourcesBuildPhase;
			buildActionMask = 2147483647;
			files = (
				6CF6DEE9182C2C76007C36F2 /* main.m in Sources */,
				6CF6DEED182C2C76007C36F2 /* FBAppDelegate.m in Sources */,
			);
			runOnlyForDeploymentPostprocessing = 0;
		};
/* End PBXSourcesBuildPhase section */

/* Begin PBXVariantGroup section */
		6CF6DEE5182C2C76007C36F2 /* InfoPlist.strings */ = {
			isa = PBXVariantGroup;
			children = (
				6CF6DEE6182C2C76007C36F2 /* en */,
			);
			name = InfoPlist.strings;
			sourceTree = "<group>";
		};
/* End PBXVariantGroup section */

/* Begin XCBuildConfiguration section */
		6CF6DEF4182C2C76007C36F2 /* Debug */ = {
			isa = XCBuildConfiguration;
			buildSettings = {
				ALWAYS_SEARCH_USER_PATHS = NO;
				CLANG_CXX_LANGUAGE_STANDARD = "gnu++0x";
				CLANG_CXX_LIBRARY = "libc++";
				CLANG_ENABLE_OBJC_ARC = YES;
				CLANG_WARN_CONSTANT_CONVERSION = YES;
				CLANG_WARN_EMPTY_BODY = YES;
				CLANG_WARN_ENUM_CONVERSION = YES;
				CLANG_WARN_INT_CONVERSION = YES;
				CLANG_WARN__DUPLICATE_METHOD_MATCH = YES;
				CODE_SIGN_IDENTITY = "";
				"CODE_SIGN_IDENTITY[sdk=iphoneos*]" = "";
				COPY_PHASE_STRIP = NO;
				GCC_C_LANGUAGE_STANDARD = gnu99;
				GCC_DYNAMIC_NO_PIC = NO;
				GCC_OPTIMIZATION_LEVEL = 0;
				GCC_PREPROCESSOR_DEFINITIONS = (
					"DEBUG=1",
					"$(inherited)",
				);
				GCC_SYMBOLS_PRIVATE_EXTERN = NO;
				GCC_WARN_ABOUT_RETURN_TYPE = YES;
				GCC_WARN_UNINITIALIZED_AUTOS = YES;
				GCC_WARN_UNUSED_VARIABLE = YES;
				IPHONEOS_DEPLOYMENT_TARGET = 6.1;
				ONLY_ACTIVE_ARCH = YES;
				SDKROOT = iphoneos;
			};
			name = Debug;
		};
		6CF6DEF5182C2C76007C36F2 /* Release */ = {
			isa = XCBuildConfiguration;
			buildSettings = {
				ALWAYS_SEARCH_USER_PATHS = NO;
				CLANG_CXX_LANGUAGE_STANDARD = "gnu++0x";
				CLANG_CXX_LIBRARY = "libc++";
				CLANG_ENABLE_OBJC_ARC = YES;
				CLANG_WARN_CONSTANT_CONVERSION = YES;
				CLANG_WARN_EMPTY_BODY = YES;
				CLANG_WARN_ENUM_CONVERSION = YES;
				CLANG_WARN_INT_CONVERSION = YES;
				CLANG_WARN__DUPLICATE_METHOD_MATCH = YES;
				CODE_SIGN_IDENTITY = "";
				"CODE_SIGN_IDENTITY[sdk=iphoneos*]" = "";
				COPY_PHASE_STRIP = YES;
				GCC_C_LANGUAGE_STANDARD = gnu99;
				GCC_WARN_ABOUT_RETURN_TYPE = YES;
				GCC_WARN_UNINITIALIZED_AUTOS = YES;
				GCC_WARN_UNUSED_VARIABLE = YES;
				IPHONEOS_DEPLOYMENT_TARGET = 6.1;
				OTHER_CFLAGS = "-DNS_BLOCK_ASSERTIONS=1";
				SDKROOT = iphoneos;
				VALIDATE_PRODUCT = YES;
			};
			name = Release;
		};
		6CF6DEF7182C2C76007C36F2 /* Debug */ = {
			isa = XCBuildConfiguration;
			buildSettings = {
				GCC_PRECOMPILE_PREFIX_HEADER = YES;
				GCC_PREFIX_HEADER = "iReminder/iReminder-Prefix.pch";
				INFOPLIST_FILE = "iReminder/iReminder-Info.plist";
				IPHONEOS_DEPLOYMENT_TARGET = 5.1;
				PRODUCT_NAME = "$(TARGET_NAME)";
				WRAPPER_EXTENSION = app;
			};
			name = Debug;
		};
		6CF6DEF8182C2C76007C36F2 /* Release */ = {
			isa = XCBuildConfiguration;
			buildSettings = {
				GCC_PRECOMPILE_PREFIX_HEADER = YES;
				GCC_PREFIX_HEADER = "iReminder/iReminder-Prefix.pch";
				INFOPLIST_FILE = "iReminder/iReminder-Info.plist";
				IPHONEOS_DEPLOYMENT_TARGET = 5.1;
				PRODUCT_NAME = "$(TARGET_NAME)";
				WRAPPER_EXTENSION = app;
			};
			name = Release;
		};
/* End XCBuildConfiguration section */

/* Begin XCConfigurationList section */
		6CF6DED4182C2C76007C36F2 /* Build configuration list for PBXProject "iReminder" */ = {
			isa = XCConfigurationList;
			buildConfigurations = (
				6CF6DEF4182C2C76007C36F2 /* Debug */,
				6CF6DEF5182C2C76007C36F2 /* Release */,
			);
			defaultConfigurationIsVisible = 0;
			defaultConfigurationName = Release;
		};
		6CF6DEF6182C2C76007C36F2 /* Build configuration list for PBXNativeTarget "iReminder" */ = {
			isa = XCConfigurationList;
			buildConfigurations = (
				6CF6DEF7182C2C76007C36F2 /* Debug */,
				6CF6DEF8182C2C76007C36F2 /* Release */,
			);
			defaultConfigurationIsVisible = 0;
		};
/* End XCConfigurationList section */
	};
	rootObject = 6CF6DED1182C2C76007C36F2 /* Project object */;
}
